
Microsoft Visual Studio Solution File, Format Version 12.00
# Visual Studio Version 17
VisualStudioVersion = 17.4.33110.190
MinimumVisualStudioVersion = 10.0.40219.1
Project("{FAE04EC0-301F-11D3-BF4B-00C04F79EFBC}") = "FinalProject", "FinalProject.csproj", "{86618D90-AF8D-4746-B096-242E8D483A91}"
EndProject
Global
	GlobalSection(SolutionConfigurationPlatforms) = preSolution
		Debug|Any CPU = Debug|Any CPU
		Release|Any CPU = Release|Any CPU
	EndGlobalSection
	GlobalSection(ProjectConfigurationPlatforms) = postSolution
		{86618D90-AF8D-4746-B096-242E8D483A91}.Debug|Any CPU.ActiveCfg = Debug|Any CPU
		{86618D90-AF8D-4746-B096-242E8D483A91}.Debug|Any CPU.Build.0 = Debug|Any CPU
		{86618D90-AF8D-4746-B096-242E8D483A91}.Release|Any CPU.ActiveCfg = Release|Any CPU
		{86618D90-AF8D-4746-B096-242E8D483A91}.Release|Any CPU.Build.0 = Release|Any CPU
	EndGlobalSection
	GlobalSection(SolutionProperties) = preSolution
		HideSolutionNode = FALSE
	EndGlobalSection
	GlobalSection(ExtensibilityGlobals) = postSolution
		SolutionGuid = {526A1728-25D8-45E0-B3D6-2149FE774E21}
	EndGlobalSection
EndGlobal
